{
  "name": "webasm-bench",
  "version": "1.0.0",
  "lockfileVersion": 1,
  "requires": true,
  "dependencies": {
    "@assemblyscript/loader": {
      "version": "0.10.1",
      "resolved": "https://registry.npmjs.org/@assemblyscript/loader/-/loader-0.10.1.tgz",
      "integrity": "sha512-H71nDOOL8Y7kWRLqf6Sums+01Q5msqBW2KhDUTemh1tvY04eSkSXrK0uj/4mmY0Xr16/3zyZmsrxN7CKuRbNRg=="
    },
    "@types/node": {
      "version": "14.14.22",
      "resolved": "https://registry.npmjs.org/@types/node/-/node-14.14.22.tgz",
      "integrity": "sha512-g+f/qj/cNcqKkc3tFqlXOYjrmZA+jNBiDzbP3kH+B+otKFqAdPgVTGP1IeKRdMml/aE69as5S4FqtxAbl+LaMw==",
      "dev": true
    },
    "assemblyscript": {
      "version": "0.18.0",
      "resolved": "https://registry.npmjs.org/assemblyscript/-/assemblyscript-0.18.0.tgz",
      "integrity": "sha512-ykuEuuNZ2lL/8/emjiFQmReKzjl8oDMRgaasxw27FnCQb5u4IFw0BIvUpgqc965zEh9QnLhWFFrJM3NrxgNnuw==",
      "dev": true,
      "requires": {
        "binaryen": "98.0.0-nightly.20210106",
        "long": "^4.0.0"
      }
    },
    "binaryen": {
      "version": "98.0.0-nightly.20210106",
      "resolved": "https://registry.npmjs.org/binaryen/-/binaryen-98.0.0-nightly.20210106.tgz",
      "integrity": "sha512-iunAgesqT9PXVYCc72FA4h0sCCKLifruT6NuUH63xqlFJGpChhZLgOtyIb/fIgTibN5Pd692cxfBViyCWFsJ9Q==",
      "dev": true
    },
    "long": {
      "version": "4.0.0",
      "resolved": "https://registry.npmjs.org/long/-/long-4.0.0.tgz",
      "integrity": "sha512-XsP+KhQif4bjX1kbuSiySJFNAehNxgLb6hPRGJ9QsUr8ajHkuXGdrHmFUTUUXhDwVX2R5bY4JNZEwbUiMhV+MA==",
      "dev": true
    },
    "typescript": {
      "version": "4.1.3",
      "resolved": "https://registry.npmjs.org/typescript/-/typescript-4.1.3.tgz",
      "integrity": "sha512-B3ZIOf1IKeH2ixgHhj6la6xdwR9QrLC5d1VKeCSY4tvkqhF2eqd9O7txNlS0PO3GrBAFIdr3L1ndNwteUbZLYg==",
      "dev": true
    }
  }
}
